
Microsoft Visual Studio Solution File, Format Version 12.00
# Visual Studio Version 17
VisualStudioVersion = 17.8.34316.72
MinimumVisualStudioVersion = 10.0.40219.1
Project("{FAE04EC0-301F-11D3-BF4B-00C04F79EFBC}") = "segunda", "segunda\segunda.csproj", "{2E2E84DB-0C0F-49A0-9EB0-666CBB5A10EF}"
EndProject
Global
	GlobalSection(SolutionConfigurationPlatforms) = preSolution
		Debug|Any CPU = Debug|Any CPU
		Release|Any CPU = Release|Any CPU
	EndGlobalSection
	GlobalSection(ProjectConfigurationPlatforms) = postSolution
		{2E2E84DB-0C0F-49A0-9EB0-666CBB5A10EF}.Debug|Any CPU.ActiveCfg = Debug|Any CPU
		{2E2E84DB-0C0F-49A0-9EB0-666CBB5A10EF}.Debug|Any CPU.Build.0 = Debug|Any CPU
		{2E2E84DB-0C0F-49A0-9EB0-666CBB5A10EF}.Release|Any CPU.ActiveCfg = Release|Any CPU
		{2E2E84DB-0C0F-49A0-9EB0-666CBB5A10EF}.Release|Any CPU.Build.0 = Release|Any CPU
	EndGlobalSection
	GlobalSection(SolutionProperties) = preSolution
		HideSolutionNode = FALSE
	EndGlobalSection
	GlobalSection(ExtensibilityGlobals) = postSolution
		SolutionGuid = {4C970FB2-1924-4B63-8246-7BF44C7F080F}
	EndGlobalSection
EndGlobal
